<?xml version="1.0" encoding="UTF-8"?>
<Scheme
   version = "1.3">
   <BuildAction>
      <BuildActionEntries>
         <BuildActionEntry
            buildForRunning = "YES">
            <BuildableReference
               BuildableIdentifier = "primary"
               BlueprintIdentifier = "22F63AE82C1EC4FF7907441F"
               BuildableName = "SYThemeManager.app"
               BlueprintName = "SYThemeManager"
               ReferencedContainer = "container:SYThemeManager.xcodeproj">
            </BuildableReference>
         </BuildActionEntry>
      </BuildActionEntries>
   </BuildAction>
   <LaunchAction
      useCustomWorkingDirectory = "NO"
      buildConfiguration = "Debug">
      <BuildableProductRunnable>
         <BuildableReference
            BuildableIdentifier = "primary"
            BlueprintIdentifier = "22F63AE82C1EC4FF7907441F"
            BuildableName = "SYThemeManager.app"
            BlueprintName = "SYThemeManager"
            ReferencedContainer = "container:SYThemeManager.xcodeproj">
         </BuildableReference>
      </BuildableProductRunnable>
   </LaunchAction>
</Scheme>
